
Microsoft Visual Studio Solution File, Format Version 12.00
# Visual Studio Version 16
VisualStudioVersion = 16.0.30503.244
MinimumVisualStudioVersion = 10.0.40219.1
Project("{FAE04EC0-301F-11D3-BF4B-00C04F79EFBC}") = "Microsoft.SqlServer.Types.Hack", "hack\Microsoft.SqlServer.Types.Hack.csproj", "{B9F783CC-ECB9-41FA-A0F9-784456A48EA2}"
EndProject
Project("{9A19103F-16F7-4668-BE54-9A1E7A4F7556}") = "SmartBulkCopy", "client\SmartBulkCopy.csproj", "{E42399D6-6E94-44B9-8207-C170606BBED9}"
EndProject
Project("{FAE04EC0-301F-11D3-BF4B-00C04F79EFBC}") = "SmartBulkCopy.Tests", "tests\SmartBulkCopy.Tests.csproj", "{8B32BF64-71D8-4BAF-B3E2-BB6B068F9978}"
EndProject
Project("{FAE04EC0-301F-11D3-BF4B-00C04F79EFBC}") = "SmartBulkCopy.SchemaClone", "helper\SmartBulkCopy.SchemaClone.csproj", "{C12D9095-C62D-49FF-8D26-52E41773284F}"
EndProject
Global
	GlobalSection(SolutionConfigurationPlatforms) = preSolution
		Debug|Any CPU = Debug|Any CPU
		Release|Any CPU = Release|Any CPU
	EndGlobalSection
	GlobalSection(ProjectConfigurationPlatforms) = postSolution
		{E42399D6-6E94-44B9-8207-C170606BBED9}.Debug|Any CPU.ActiveCfg = Debug|Any CPU
		{E42399D6-6E94-44B9-8207-C170606BBED9}.Debug|Any CPU.Build.0 = Debug|Any CPU
		{E42399D6-6E94-44B9-8207-C170606BBED9}.Release|Any CPU.ActiveCfg = Release|Any CPU
		{E42399D6-6E94-44B9-8207-C170606BBED9}.Release|Any CPU.Build.0 = Release|Any CPU
		{8B32BF64-71D8-4BAF-B3E2-BB6B068F9978}.Debug|Any CPU.ActiveCfg = Debug|Any CPU
		{8B32BF64-71D8-4BAF-B3E2-BB6B068F9978}.Debug|Any CPU.Build.0 = Debug|Any CPU
		{8B32BF64-71D8-4BAF-B3E2-BB6B068F9978}.Release|Any CPU.ActiveCfg = Release|Any CPU
		{8B32BF64-71D8-4BAF-B3E2-BB6B068F9978}.Release|Any CPU.Build.0 = Release|Any CPU
		{B9F783CC-ECB9-41FA-A0F9-784456A48EA2}.Debug|Any CPU.ActiveCfg = Debug|Any CPU
		{B9F783CC-ECB9-41FA-A0F9-784456A48EA2}.Debug|Any CPU.Build.0 = Debug|Any CPU
		{B9F783CC-ECB9-41FA-A0F9-784456A48EA2}.Release|Any CPU.ActiveCfg = Release|Any CPU
		{B9F783CC-ECB9-41FA-A0F9-784456A48EA2}.Release|Any CPU.Build.0 = Release|Any CPU
		{C12D9095-C62D-49FF-8D26-52E41773284F}.Debug|Any CPU.ActiveCfg = Debug|Any CPU
		{C12D9095-C62D-49FF-8D26-52E41773284F}.Debug|Any CPU.Build.0 = Debug|Any CPU
		{C12D9095-C62D-49FF-8D26-52E41773284F}.Release|Any CPU.ActiveCfg = Release|Any CPU
		{C12D9095-C62D-49FF-8D26-52E41773284F}.Release|Any CPU.Build.0 = Release|Any CPU
	EndGlobalSection
	GlobalSection(SolutionProperties) = preSolution
		HideSolutionNode = FALSE
	EndGlobalSection
	GlobalSection(ExtensibilityGlobals) = postSolution
		SolutionGuid = {B0DE4D0C-1F78-4FE5-917F-2BB2C6C8A544}
	EndGlobalSection
EndGlobal
