
Microsoft Visual Studio Solution File, Format Version 12.00
# Visual Studio Version 16
VisualStudioVersion = 16.0.30503.244
MinimumVisualStudioVersion = 10.0.40219.1
Project("{9A19103F-16F7-4668-BE54-9A1E7A4F7556}") = "SmartBulkCopy", "SmartBulkCopy.csproj", "{E42399D6-6E94-44B9-8207-C170606BBED9}"
EndProject
Global
	GlobalSection(SolutionConfigurationPlatforms) = preSolution
		Debug|Any CPU = Debug|Any CPU
		Release|Any CPU = Release|Any CPU
	EndGlobalSection
	GlobalSection(ProjectConfigurationPlatforms) = postSolution
		{E42399D6-6E94-44B9-8207-C170606BBED9}.Debug|Any CPU.ActiveCfg = Debug|Any CPU
		{E42399D6-6E94-44B9-8207-C170606BBED9}.Debug|Any CPU.Build.0 = Debug|Any CPU
		{E42399D6-6E94-44B9-8207-C170606BBED9}.Release|Any CPU.ActiveCfg = Release|Any CPU
		{E42399D6-6E94-44B9-8207-C170606BBED9}.Release|Any CPU.Build.0 = Release|Any CPU
	EndGlobalSection
	GlobalSection(SolutionProperties) = preSolution
		HideSolutionNode = FALSE
	EndGlobalSection
	GlobalSection(ExtensibilityGlobals) = postSolution
		SolutionGuid = {B0DE4D0C-1F78-4FE5-917F-2BB2C6C8A544}
	EndGlobalSection
EndGlobal
